// !$*UTF8*$!
{
	archiveVersion = 1;
	classes = {
	};
	objectVersion = 50;
	objects = {

/* Begin PBXBuildFile section */
		19F9E046226FE2090021C679 /* AppDelegate.swift in Sources */ = {isa = PBXBuildFile; fileRef = 19F9E045226FE2090021C679 /* AppDelegate.swift */; };
		19F9E048226FE2090021C679 /* ViewController.swift in Sources */ = {isa = PBXBuildFile; fileRef = 19F9E047226FE2090021C679 /* ViewController.swift */; };
		19F9E04B226FE2090021C679 /* Main.storyboard in Resources */ = {isa = PBXBuildFile; fileRef = 19F9E049226FE2090021C679 /* Main.storyboard */; };
		19F9E04D226FE20A0021C679 /* Assets.xcassets in Resources */ = {isa = PBXBuildFile; fileRef = 19F9E04C226FE20A0021C679 /* Assets.xcassets */; };
		19F9E050226FE20A0021C679 /* LaunchScreen.storyboard in Resources */ = {isa = PBXBuildFile; fileRef = 19F9E04E226FE20A0021C679 /* LaunchScreen.storyboard */; };
		19F9E058226FEE1D0021C679 /* GoogleService-Info.plist in Resources */ = {isa = PBXBuildFile; fileRef = 19F9E057226FEE1D0021C679 /* GoogleService-Info.plist */; };
		CB50B6F5474CC55E67365FBA /* Pods_BouquetDetection.framework in Frameworks */ = {isa = PBXBuildFile; fileRef = 90C3A7601BE721C76BE341BE /* Pods_BouquetDetection.framework */; };
/* End PBXBuildFile section */

/* Begin PBXFileReference section */
		19F9E042226FE2080021C679 /* BouquetDetection.app */ = {isa = PBXFileReference; explicitFileType = wrapper.application; includeInIndex = 0; path = BouquetDetection.app; sourceTree = BUILT_PRODUCTS_DIR; };
		19F9E045226FE2090021C679 /* AppDelegate.swift */ = {isa = PBXFileReference; lastKnownFileType = sourcecode.swift; path = AppDelegate.swift; sourceTree = "<group>"; };
		19F9E047226FE2090021C679 /* ViewController.swift */ = {isa = PBXFileReference; lastKnownFileType = sourcecode.swift; path = ViewController.swift; sourceTree = "<group>"; };
		19F9E04A226FE2090021C679 /* Base */ = {isa = PBXFileReference; lastKnownFileType = file.storyboard; name = Base; path = Base.lproj/Main.storyboard; sourceTree = "<group>"; };
		19F9E04C226FE20A0021C679 /* Assets.xcassets */ = {isa = PBXFileReference; lastKnownFileType = folder.assetcatalog; path = Assets.xcassets; sourceTree = "<group>"; };
		19F9E04F226FE20A0021C679 /* Base */ = {isa = PBXFileReference; lastKnownFileType = file.storyboard; name = Base; path = Base.lproj/LaunchScreen.storyboard; sourceTree = "<group>"; };
		19F9E051226FE20A0021C679 /* Info.plist */ = {isa = PBXFileReference; lastKnownFileType = text.plist.xml; path = Info.plist; sourceTree = "<group>"; };
		19F9E057226FEE1D0021C679 /* GoogleService-Info.plist */ = {isa = PBXFileReference; fileEncoding = 4; lastKnownFileType = text.plist.xml; path = "GoogleService-Info.plist"; sourceTree = "<group>"; };
		5476E28357B2979114269CC0 /* Pods-BouquetDetection.debug.xcconfig */ = {isa = PBXFileReference; includeInIndex = 1; lastKnownFileType = text.xcconfig; name = "Pods-BouquetDetection.debug.xcconfig"; path = "Pods/Target Support Files/Pods-BouquetDetection/Pods-BouquetDetection.debug.xcconfig"; sourceTree = "<group>"; };
		90C3A7601BE721C76BE341BE /* Pods_BouquetDetection.framework */ = {isa = PBXFileReference; explicitFileType = wrapper.framework; includeInIndex = 0; path = Pods_BouquetDetection.framework; sourceTree = BUILT_PRODUCTS_DIR; };
		BD16E9DB858EE413C6F11E51 /* Pods-BouquetDetection.release.xcconfig */ = {isa = PBXFileReference; includeInIndex = 1; lastKnownFileType = text.xcconfig; name = "Pods-BouquetDetection.release.xcconfig"; path = "Pods/Target Support Files/Pods-BouquetDetection/Pods-BouquetDetection.release.xcconfig"; sourceTree = "<group>"; };
/* End PBXFileReference section */

/* Begin PBXFrameworksBuildPhase section */
		19F9E03F226FE2080021C679 /* Frameworks */ = {
			isa = PBXFrameworksBuildPhase;
			buildActionMask = 2147483647;
			files = (
				CB50B6F5474CC55E67365FBA /* Pods_BouquetDetection.framework in Frameworks */,
			);
			runOnlyForDeploymentPostprocessing = 0;
		};
/* End PBXFrameworksBuildPhase section */

/* Begin PBXGroup section */
		19F9E039226FE2080021C679 = {
			isa = PBXGroup;
			children = (
				19F9E044226FE2090021C679 /* BouquetDetection */,
				19F9E043226FE2080021C679 /* Products */,
				D68DE3DB3B33FF480C897B39 /* Pods */,
				6F709B4A625F47FD349E0FFA /* Frameworks */,
			);
			sourceTree = "<group>";
		};
		19F9E043226FE2080021C679 /* Products */ = {
			isa = PBXGroup;
			children = (
				19F9E042226FE2080021C679 /* BouquetDetection.app */,
			);
			name = Products;
			sourceTree = "<group>";
		};
		19F9E044226FE2090021C679 /* BouquetDetection */ = {
			isa = PBXGroup;
			children = (
				19F9E057226FEE1D0021C679 /* GoogleService-Info.plist */,
				19F9E045226FE2090021C679 /* AppDelegate.swift */,
				19F9E047226FE2090021C679 /* ViewController.swift */,
				19F9E049226FE2090021C679 /* Main.storyboard */,
				19F9E04C226FE20A0021C679 /* Assets.xcassets */,
				19F9E04E226FE20A0021C679 /* LaunchScreen.storyboard */,
				19F9E051226FE20A0021C679 /* Info.plist */,
			);
			path = BouquetDetection;
			sourceTree = "<group>";
		};
		6F709B4A625F47FD349E0FFA /* Frameworks */ = {
			isa = PBXGroup;
			children = (
				90C3A7601BE721C76BE341BE /* Pods_BouquetDetection.framework */,
			);
			name = Frameworks;
			sourceTree = "<group>";
		};
		D68DE3DB3B33FF480C897B39 /* Pods */ = {
			isa = PBXGroup;
			children = (
				5476E28357B2979114269CC0 /* Pods-BouquetDetection.debug.xcconfig */,
				BD16E9DB858EE413C6F11E51 /* Pods-BouquetDetection.release.xcconfig */,
			);
			name = Pods;
			sourceTree = "<group>";
		};
/* End PBXGroup section */

/* Begin PBXNativeTarget section */
		19F9E041226FE2080021C679 /* BouquetDetection */ = {
			isa = PBXNativeTarget;
			buildConfigurationList = 19F9E054226FE20A0021C679 /* Build configuration list for PBXNativeTarget "BouquetDetection" */;
			buildPhases = (
				781CD83EFBF990EF1602691E /* [CP] Check Pods Manifest.lock */,
				19F9E03E226FE2080021C679 /* Sources */,
				19F9E03F226FE2080021C679 /* Frameworks */,
				19F9E040226FE2080021C679 /* Resources */,
				1B2763780E315B84DC2B0862 /* [CP] Embed Pods Frameworks */,
			);
			buildRules = (
			);
			dependencies = (
			);
			name = BouquetDetection;
			productName = BouquetDetection;
			productReference = 19F9E042226FE2080021C679 /* BouquetDetection.app */;
			productType = "com.apple.product-type.application";
		};
/* End PBXNativeTarget section */

/* Begin PBXProject section */
		19F9E03A226FE2080021C679 /* Project object */ = {
			isa = PBXProject;
			attributes = {
				LastSwiftUpdateCheck = 1020;
				LastUpgradeCheck = 1020;
				ORGANIZATIONNAME = "Min Xue";
				TargetAttributes = {
					19F9E041226FE2080021C679 = {
						CreatedOnToolsVersion = 10.2.1;
					};
				};
			};
			buildConfigurationList = 19F9E03D226FE2080021C679 /* Build configuration list for PBXProject "BouquetDetection" */;
			compatibilityVersion = "Xcode 9.3";
			developmentRegion = en;
			hasScannedForEncodings = 0;
			knownRegions = (
				en,
				Base,
			);
			mainGroup = 19F9E039226FE2080021C679;
			productRefGroup = 19F9E043226FE2080021C679 /* Products */;
			projectDirPath = "";
			projectRoot = "";
			targets = (
				19F9E041226FE2080021C679 /* BouquetDetection */,
			);
		};
/* End PBXProject section */

/* Begin PBXResourcesBuildPhase section */
		19F9E040226FE2080021C679 /* Resources */ = {
			isa = PBXResourcesBuildPhase;
			buildActionMask = 2147483647;
			files = (
				19F9E050226FE20A0021C679 /* LaunchScreen.storyboard in Resources */,
				19F9E058226FEE1D0021C679 /* GoogleService-Info.plist in Resources */,
				19F9E04D226FE20A0021C679 /* Assets.xcassets in Resources */,
				19F9E04B226FE2090021C679 /* Main.storyboard in Resources */,
			);
			runOnlyForDeploymentPostprocessing = 0;
		};
/* End PBXResourcesBuildPhase section */

/* Begin PBXShellScriptBuildPhase section */
		1B2763780E315B84DC2B0862 /* [CP] Embed Pods Frameworks */ = {
			isa = PBXShellScriptBuildPhase;
			buildActionMask = 2147483647;
			files = (
			);
			inputFileListPaths = (
			);
			inputPaths = (
				"${SRCROOT}/Pods/Target Support Files/Pods-BouquetDetection/Pods-BouquetDetection-frameworks.sh",
				"${BUILT_PRODUCTS_DIR}/BoringSSL-GRPC/openssl_grpc.framework",
				"${BUILT_PRODUCTS_DIR}/GTMSessionFetcher/GTMSessionFetcher.framework",
				"${BUILT_PRODUCTS_DIR}/GoogleUtilities/GoogleUtilities.framework",
				"${BUILT_PRODUCTS_DIR}/Protobuf/Protobuf.framework",
				"${BUILT_PRODUCTS_DIR}/SwiftyJSON/SwiftyJSON.framework",
				"${BUILT_PRODUCTS_DIR}/gRPC-C++/grpcpp.framework",
				"${BUILT_PRODUCTS_DIR}/gRPC-Core/grpc.framework",
				"${BUILT_PRODUCTS_DIR}/leveldb-library/leveldb.framework",
				"${BUILT_PRODUCTS_DIR}/nanopb/nanopb.framework",
			);
			name = "[CP] Embed Pods Frameworks";
			outputFileListPaths = (
			);
			outputPaths = (
				"${TARGET_BUILD_DIR}/${FRAMEWORKS_FOLDER_PATH}/openssl_grpc.framework",
				"${TARGET_BUILD_DIR}/${FRAMEWORKS_FOLDER_PATH}/GTMSessionFetcher.framework",
				"${TARGET_BUILD_DIR}/${FRAMEWORKS_FOLDER_PATH}/GoogleUtilities.framework",
				"${TARGET_BUILD_DIR}/${FRAMEWORKS_FOLDER_PATH}/Protobuf.framework",
				"${TARGET_BUILD_DIR}/${FRAMEWORKS_FOLDER_PATH}/SwiftyJSON.framework",
				"${TARGET_BUILD_DIR}/${FRAMEWORKS_FOLDER_PATH}/grpcpp.framework",
				"${TARGET_BUILD_DIR}/${FRAMEWORKS_FOLDER_PATH}/grpc.framework",
				"${TARGET_BUILD_DIR}/${FRAMEWORKS_FOLDER_PATH}/leveldb.framework",
				"${TARGET_BUILD_DIR}/${FRAMEWORKS_FOLDER_PATH}/nanopb.framework",
			);
			runOnlyForDeploymentPostprocessing = 0;
			shellPath = /bin/sh;
			shellScript = "\"${SRCROOT}/Pods/Target Support Files/Pods-BouquetDetection/Pods-BouquetDetection-frameworks.sh\"\n";
			showEnvVarsInLog = 0;
		};
		781CD83EFBF990EF1602691E /* [CP] Check Pods Manifest.lock */ = {
			isa = PBXShellScriptBuildPhase;
			buildActionMask = 2147483647;
			files = (
			);
			inputFileListPaths = (
			);
			inputPaths = (
				"${PODS_PODFILE_DIR_PATH}/Podfile.lock",
				"${PODS_ROOT}/Manifest.lock",
			);
			name = "[CP] Check Pods Manifest.lock";
			outputFileListPaths = (
			);
			outputPaths = (
				"$(DERIVED_FILE_DIR)/Pods-BouquetDetection-checkManifestLockResult.txt",
			);
			runOnlyForDeploymentPostprocessing = 0;
			shellPath = /bin/sh;
			shellScript = "diff \"${PODS_PODFILE_DIR_PATH}/Podfile.lock\" \"${PODS_ROOT}/Manifest.lock\" > /dev/null\nif [ $? != 0 ] ; then\n    # print error to STDERR\n    echo \"error: The sandbox is not in sync with the Podfile.lock. Run 'pod install' or update your CocoaPods installation.\" >&2\n    exit 1\nfi\n# This output is used by Xcode 'outputs' to avoid re-running this script phase.\necho \"SUCCESS\" > \"${SCRIPT_OUTPUT_FILE_0}\"\n";
			showEnvVarsInLog = 0;
		};
/* End PBXShellScriptBuildPhase section */

/* Begin PBXSourcesBuildPhase section */
		19F9E03E226FE2080021C679 /* Sources */ = {
			isa = PBXSourcesBuildPhase;
			buildActionMask = 2147483647;
			files = (
				19F9E048226FE2090021C679 /* ViewController.swift in Sources */,
				19F9E046226FE2090021C679 /* AppDelegate.swift in Sources */,
			);
			runOnlyForDeploymentPostprocessing = 0;
		};
/* End PBXSourcesBuildPhase section */

/* Begin PBXVariantGroup section */
		19F9E049226FE2090021C679 /* Main.storyboard */ = {
			isa = PBXVariantGroup;
			children = (
				19F9E04A226FE2090021C679 /* Base */,
			);
			name = Main.storyboard;
			sourceTree = "<group>";
		};
		19F9E04E226FE20A0021C679 /* LaunchScreen.storyboard */ = {
			isa = PBXVariantGroup;
			children = (
				19F9E04F226FE20A0021C679 /* Base */,
			);
			name = LaunchScreen.storyboard;
			sourceTree = "<group>";
		};
/* End PBXVariantGroup section */

/* Begin XCBuildConfiguration section */
		19F9E052226FE20A0021C679 /* Debug */ = {
			isa = XCBuildConfiguration;
			buildSettings = {
				ALWAYS_SEARCH_USER_PATHS = NO;
				CLANG_ANALYZER_NONNULL = YES;
				CLANG_ANALYZER_NUMBER_OBJECT_CONVERSION = YES_AGGRESSIVE;
				CLANG_CXX_LANGUAGE_STANDARD = "gnu++14";
				CLANG_CXX_LIBRARY = "libc++";
				CLANG_ENABLE_MODULES = YES;
				CLANG_ENABLE_OBJC_ARC = YES;
				CLANG_ENABLE_OBJC_WEAK = YES;
				CLANG_WARN_BLOCK_CAPTURE_AUTORELEASING = YES;
				CLANG_WARN_BOOL_CONVERSION = YES;
				CLANG_WARN_COMMA = YES;
				CLANG_WARN_CONSTANT_CONVERSION = YES;
				CLANG_WARN_DEPRECATED_OBJC_IMPLEMENTATIONS = YES;
				CLANG_WARN_DIRECT_OBJC_ISA_USAGE = YES_ERROR;
				CLANG_WARN_DOCUMENTATION_COMMENTS = YES;
				CLANG_WARN_EMPTY_BODY = YES;
				CLANG_WARN_ENUM_CONVERSION = YES;
				CLANG_WARN_INFINITE_RECURSION = YES;
				CLANG_WARN_INT_CONVERSION = YES;
				CLANG_WARN_NON_LITERAL_NULL_CONVERSION = YES;
				CLANG_WARN_OBJC_IMPLICIT_RETAIN_SELF = YES;
				CLANG_WARN_OBJC_LITERAL_CONVERSION = YES;
				CLANG_WARN_OBJC_ROOT_CLASS = YES_ERROR;
				CLANG_WARN_RANGE_LOOP_ANALYSIS = YES;
				CLANG_WARN_STRICT_PROTOTYPES = YES;
				CLANG_WARN_SUSPICIOUS_MOVE = YES;
				CLANG_WARN_UNGUARDED_AVAILABILITY = YES_AGGRESSIVE;
				CLANG_WARN_UNREACHABLE_CODE = YES;
				CLANG_WARN__DUPLICATE_METHOD_MATCH = YES;
				CODE_SIGN_IDENTITY = "iPhone Developer";
				COPY_PHASE_STRIP = NO;
				DEBUG_INFORMATION_FORMAT = dwarf;
				ENABLE_STRICT_OBJC_MSGSEND = YES;
				ENABLE_TESTABILITY = YES;
				GCC_C_LANGUAGE_STANDARD = gnu11;
				GCC_DYNAMIC_NO_PIC = NO;
				GCC_NO_COMMON_BLOCKS = YES;
				GCC_OPTIMIZATION_LEVEL = 0;
				GCC_PREPROCESSOR_DEFINITIONS = (
					"DEBUG=1",
					"$(inherited)",
				);
				GCC_WARN_64_TO_32_BIT_CONVERSION = YES;
				GCC_WARN_ABOUT_RETURN_TYPE = YES_ERROR;
				GCC_WARN_UNDECLARED_SELECTOR = YES;
				GCC_WARN_UNINITIALIZED_AUTOS = YES_AGGRESSIVE;
				GCC_WARN_UNUSED_FUNCTION = YES;
				GCC_WARN_UNUSED_VARIABLE = YES;
				IPHONEOS_DEPLOYMENT_TARGET = 12.2;
				MTL_ENABLE_DEBUG_INFO = INCLUDE_SOURCE;
				MTL_FAST_MATH = YES;
				ONLY_ACTIVE_ARCH = YES;
				SDKROOT = iphoneos;
				SWIFT_ACTIVE_COMPILATION_CONDITIONS = DEBUG;
				SWIFT_OPTIMIZATION_LEVEL = "-Onone";
			};
			name = Debug;
		};
		19F9E053226FE20A0021C679 /* Release */ = {
			isa = XCBuildConfiguration;
			buildSettings = {
				ALWAYS_SEARCH_USER_PATHS = NO;
				CLANG_ANALYZER_NONNULL = YES;
				CLANG_ANALYZER_NUMBER_OBJECT_CONVERSION = YES_AGGRESSIVE;
				CLANG_CXX_LANGUAGE_STANDARD = "gnu++14";
				CLANG_CXX_LIBRARY = "libc++";
				CLANG_ENABLE_MODULES = YES;
				CLANG_ENABLE_OBJC_ARC = YES;
				CLANG_ENABLE_OBJC_WEAK = YES;
				CLANG_WARN_BLOCK_CAPTURE_AUTORELEASING = YES;
				CLANG_WARN_BOOL_CONVERSION = YES;
				CLANG_WARN_COMMA = YES;
				CLANG_WARN_CONSTANT_CONVERSION = YES;
				CLANG_WARN_DEPRECATED_OBJC_IMPLEMENTATIONS = YES;
				CLANG_WARN_DIRECT_OBJC_ISA_USAGE = YES_ERROR;
				CLANG_WARN_DOCUMENTATION_COMMENTS = YES;
				CLANG_WARN_EMPTY_BODY = YES;
				CLANG_WARN_ENUM_CONVERSION = YES;
				CLANG_WARN_INFINITE_RECURSION = YES;
				CLANG_WARN_INT_CONVERSION = YES;
				CLANG_WARN_NON_LITERAL_NULL_CONVERSION = YES;
				CLANG_WARN_OBJC_IMPLICIT_RETAIN_SELF = YES;
				CLANG_WARN_OBJC_LITERAL_CONVERSION = YES;
				CLANG_WARN_OBJC_ROOT_CLASS = YES_ERROR;
				CLANG_WARN_RANGE_LOOP_ANALYSIS = YES;
				CLANG_WARN_STRICT_PROTOTYPES = YES;
				CLANG_WARN_SUSPICIOUS_MOVE = YES;
				CLANG_WARN_UNGUARDED_AVAILABILITY = YES_AGGRESSIVE;
				CLANG_WARN_UNREACHABLE_CODE = YES;
				CLANG_WARN__DUPLICATE_METHOD_MATCH = YES;
				CODE_SIGN_IDENTITY = "iPhone Developer";
				COPY_PHASE_STRIP = NO;
				DEBUG_INFORMATION_FORMAT = "dwarf-with-dsym";
				ENABLE_NS_ASSERTIONS = NO;
				ENABLE_STRICT_OBJC_MSGSEND = YES;
				GCC_C_LANGUAGE_STANDARD = gnu11;
				GCC_NO_COMMON_BLOCKS = YES;
				GCC_WARN_64_TO_32_BIT_CONVERSION = YES;
				GCC_WARN_ABOUT_RETURN_TYPE = YES_ERROR;
				GCC_WARN_UNDECLARED_SELECTOR = YES;
				GCC_WARN_UNINITIALIZED_AUTOS = YES_AGGRESSIVE;
				GCC_WARN_UNUSED_FUNCTION = YES;
				GCC_WARN_UNUSED_VARIABLE = YES;
				IPHONEOS_DEPLOYMENT_TARGET = 12.2;
				MTL_ENABLE_DEBUG_INFO = NO;
				MTL_FAST_MATH = YES;
				SDKROOT = iphoneos;
				SWIFT_COMPILATION_MODE = wholemodule;
				SWIFT_OPTIMIZATION_LEVEL = "-O";
				VALIDATE_PRODUCT = YES;
			};
			name = Release;
		};
		19F9E055226FE20A0021C679 /* Debug */ = {
			isa = XCBuildConfiguration;
			baseConfigurationReference = 5476E28357B2979114269CC0 /* Pods-BouquetDetection.debug.xcconfig */;
			buildSettings = {
				ASSETCATALOG_COMPILER_APPICON_NAME = AppIcon;
				CODE_SIGN_STYLE = Automatic;
				DEVELOPMENT_TEAM = 7GCF924LVU;
				INFOPLIST_FILE = BouquetDetection/Info.plist;
				IPHONEOS_DEPLOYMENT_TARGET = 12.2;
				LD_RUNPATH_SEARCH_PATHS = (
					"$(inherited)",
					"@executable_path/Frameworks",
				);
				PRODUCT_BUNDLE_IDENTIFIER = com.kkkkkaran.BouquetDetection;
				PRODUCT_NAME = "$(TARGET_NAME)";
				SWIFT_VERSION = 5.0;
				TARGETED_DEVICE_FAMILY = "1,2";
			};
			name = Debug;
		};
		19F9E056226FE20A0021C679 /* Release */ = {
			isa = XCBuildConfiguration;
			baseConfigurationReference = BD16E9DB858EE413C6F11E51 /* Pods-BouquetDetection.release.xcconfig */;
			buildSettings = {
				ASSETCATALOG_COMPILER_APPICON_NAME = AppIcon;
				CODE_SIGN_STYLE = Automatic;
				DEVELOPMENT_TEAM = 7GCF924LVU;
				INFOPLIST_FILE = BouquetDetection/Info.plist;
				IPHONEOS_DEPLOYMENT_TARGET = 12.2;
				LD_RUNPATH_SEARCH_PATHS = (
					"$(inherited)",
					"@executable_path/Frameworks",
				);
				PRODUCT_BUNDLE_IDENTIFIER = com.kkkkkaran.BouquetDetection;
				PRODUCT_NAME = "$(TARGET_NAME)";
				SWIFT_VERSION = 5.0;
				TARGETED_DEVICE_FAMILY = "1,2";
			};
			name = Release;
		};
/* End XCBuildConfiguration section */

/* Begin XCConfigurationList section */
		19F9E03D226FE2080021C679 /* Build configuration list for PBXProject "BouquetDetection" */ = {
			isa = XCConfigurationList;
			buildConfigurations = (
				19F9E052226FE20A0021C679 /* Debug */,
				19F9E053226FE20A0021C679 /* Release */,
			);
			defaultConfigurationIsVisible = 0;
			defaultConfigurationName = Release;
		};
		19F9E054226FE20A0021C679 /* Build configuration list for PBXNativeTarget "BouquetDetection" */ = {
			isa = XCConfigurationList;
			buildConfigurations = (
				19F9E055226FE20A0021C679 /* Debug */,
				19F9E056226FE20A0021C679 /* Release */,
			);
			defaultConfigurationIsVisible = 0;
			defaultConfigurationName = Release;
		};
/* End XCConfigurationList section */
	};
	rootObject = 19F9E03A226FE2080021C679 /* Project object */;
}
